
Microsoft Visual Studio Solution File, Format Version 12.00
# Visual Studio Version 17
VisualStudioVersion = 17.1.32210.238
MinimumVisualStudioVersion = 10.0.40219.1
Project("{8BC9CEB8-8B4A-11D0-8D11-00A0C91BC942}") = "Puzzle", "Puzzle\Puzzle.vcxproj", "{3175AD57-099C-48CA-AF6C-06E009911718}"
EndProject
Project("{FAE04EC0-301F-11D3-BF4B-00C04F79EFBC}") = "PuzzleSharp", "PuzzleSharp\PuzzleSharp.csproj", "{C5F50FC1-6F5A-48D6-85EB-9BBEC4BE83E6}"
EndProject
Global
	GlobalSection(SolutionConfigurationPlatforms) = preSolution
		Debug|Any CPU = Debug|Any CPU
		Debug|x64 = Debug|x64
		Debug|x86 = Debug|x86
		Release|Any CPU = Release|Any CPU
		Release|x64 = Release|x64
		Release|x86 = Release|x86
	EndGlobalSection
	GlobalSection(ProjectConfigurationPlatforms) = postSolution
		{3175AD57-099C-48CA-AF6C-06E009911718}.Debug|Any CPU.ActiveCfg = Debug|x64
		{3175AD57-099C-48CA-AF6C-06E009911718}.Debug|Any CPU.Build.0 = Debug|x64
		{3175AD57-099C-48CA-AF6C-06E009911718}.Debug|x64.ActiveCfg = Debug|x64
		{3175AD57-099C-48CA-AF6C-06E009911718}.Debug|x64.Build.0 = Debug|x64
		{3175AD57-099C-48CA-AF6C-06E009911718}.Debug|x86.ActiveCfg = Debug|Win32
		{3175AD57-099C-48CA-AF6C-06E009911718}.Debug|x86.Build.0 = Debug|Win32
		{3175AD57-099C-48CA-AF6C-06E009911718}.Release|Any CPU.ActiveCfg = Release|x64
		{3175AD57-099C-48CA-AF6C-06E009911718}.Release|Any CPU.Build.0 = Release|x64
		{3175AD57-099C-48CA-AF6C-06E009911718}.Release|x64.ActiveCfg = Release|x64
		{3175AD57-099C-48CA-AF6C-06E009911718}.Release|x64.Build.0 = Release|x64
		{3175AD57-099C-48CA-AF6C-06E009911718}.Release|x86.ActiveCfg = Release|Win32
		{3175AD57-099C-48CA-AF6C-06E009911718}.Release|x86.Build.0 = Release|Win32
		{C5F50FC1-6F5A-48D6-85EB-9BBEC4BE83E6}.Debug|Any CPU.ActiveCfg = Debug|Any CPU
		{C5F50FC1-6F5A-48D6-85EB-9BBEC4BE83E6}.Debug|Any CPU.Build.0 = Debug|Any CPU
		{C5F50FC1-6F5A-48D6-85EB-9BBEC4BE83E6}.Debug|x64.ActiveCfg = Debug|Any CPU
		{C5F50FC1-6F5A-48D6-85EB-9BBEC4BE83E6}.Debug|x64.Build.0 = Debug|Any CPU
		{C5F50FC1-6F5A-48D6-85EB-9BBEC4BE83E6}.Debug|x86.ActiveCfg = Debug|Any CPU
		{C5F50FC1-6F5A-48D6-85EB-9BBEC4BE83E6}.Debug|x86.Build.0 = Debug|Any CPU
		{C5F50FC1-6F5A-48D6-85EB-9BBEC4BE83E6}.Release|Any CPU.ActiveCfg = Release|Any CPU
		{C5F50FC1-6F5A-48D6-85EB-9BBEC4BE83E6}.Release|Any CPU.Build.0 = Release|Any CPU
		{C5F50FC1-6F5A-48D6-85EB-9BBEC4BE83E6}.Release|x64.ActiveCfg = Release|Any CPU
		{C5F50FC1-6F5A-48D6-85EB-9BBEC4BE83E6}.Release|x64.Build.0 = Release|Any CPU
		{C5F50FC1-6F5A-48D6-85EB-9BBEC4BE83E6}.Release|x86.ActiveCfg = Release|Any CPU
		{C5F50FC1-6F5A-48D6-85EB-9BBEC4BE83E6}.Release|x86.Build.0 = Release|Any CPU
	EndGlobalSection
	GlobalSection(SolutionProperties) = preSolution
		HideSolutionNode = FALSE
	EndGlobalSection
	GlobalSection(ExtensibilityGlobals) = postSolution
		SolutionGuid = {A9114252-5637-4FF0-9541-383601748AD5}
	EndGlobalSection
EndGlobal
